
Microsoft Visual Studio Solution File, Format Version 12.00
# Visual Studio Version 16
VisualStudioVersion = 16.0.30114.105
MinimumVisualStudioVersion = 10.0.40219.1
Project("{FAE04EC0-301F-11D3-BF4B-00C04F79EFBC}") = "AriesChatMarket", "AriesChatMarket.csproj", "{6AD9A812-7D4E-4623-BF2B-5F0E995691A8}"
EndProject
Global
	GlobalSection(SolutionConfigurationPlatforms) = preSolution
		Debug|Any CPU = Debug|Any CPU
		Release|Any CPU = Release|Any CPU
	EndGlobalSection
	GlobalSection(ProjectConfigurationPlatforms) = postSolution
		{6AD9A812-7D4E-4623-BF2B-5F0E995691A8}.Debug|Any CPU.ActiveCfg = Debug|Any CPU
		{6AD9A812-7D4E-4623-BF2B-5F0E995691A8}.Debug|Any CPU.Build.0 = Debug|Any CPU
		{6AD9A812-7D4E-4623-BF2B-5F0E995691A8}.Release|Any CPU.ActiveCfg = Release|Any CPU
		{6AD9A812-7D4E-4623-BF2B-5F0E995691A8}.Release|Any CPU.Build.0 = Release|Any CPU
	EndGlobalSection
	GlobalSection(SolutionProperties) = preSolution
		HideSolutionNode = FALSE
	EndGlobalSection
	GlobalSection(ExtensibilityGlobals) = postSolution
		SolutionGuid = {A256EEE7-E867-4B41-91DF-14B780D2F8DB}
	EndGlobalSection
EndGlobal
